// !$*UTF8*$!
{
	archiveVersion = 1;
	classes = {
	};
	objectVersion = 50;
	objects = {

/* Begin PBXBuildFile section */
		3D1510FE24AC37480062D699 /* Shadow.swift in Sources */ = {isa = PBXBuildFile; fileRef = 3D1510FD24AC37480062D699 /* Shadow.swift */; };
		3D15110024AC46510062D699 /* TableViewCell.swift in Sources */ = {isa = PBXBuildFile; fileRef = 3D1510FF24AC46510062D699 /* TableViewCell.swift */; };
		3D86B78E24AD8BB700056F9A /* DetailViewController.swift in Sources */ = {isa = PBXBuildFile; fileRef = 3D86B78D24AD8BB700056F9A /* DetailViewController.swift */; };
		3DBA344B24A78C0F00BF3ADD /* AppDelegate.swift in Sources */ = {isa = PBXBuildFile; fileRef = 3DBA344A24A78C0F00BF3ADD /* AppDelegate.swift */; };
		3DBA344D24A78C0F00BF3ADD /* SceneDelegate.swift in Sources */ = {isa = PBXBuildFile; fileRef = 3DBA344C24A78C0F00BF3ADD /* SceneDelegate.swift */; };
		3DBA344F24A78C0F00BF3ADD /* ViewController.swift in Sources */ = {isa = PBXBuildFile; fileRef = 3DBA344E24A78C0F00BF3ADD /* ViewController.swift */; };
		3DBA345224A78C0F00BF3ADD /* Main.storyboard in Resources */ = {isa = PBXBuildFile; fileRef = 3DBA345024A78C0F00BF3ADD /* Main.storyboard */; };
		3DBA345424A78C1200BF3ADD /* Assets.xcassets in Resources */ = {isa = PBXBuildFile; fileRef = 3DBA345324A78C1200BF3ADD /* Assets.xcassets */; };
		3DBA345724A78C1200BF3ADD /* LaunchScreen.storyboard in Resources */ = {isa = PBXBuildFile; fileRef = 3DBA345524A78C1200BF3ADD /* LaunchScreen.storyboard */; };
/* End PBXBuildFile section */

/* Begin PBXFileReference section */
		3D1510FD24AC37480062D699 /* Shadow.swift */ = {isa = PBXFileReference; lastKnownFileType = sourcecode.swift; path = Shadow.swift; sourceTree = "<group>"; };
		3D1510FF24AC46510062D699 /* TableViewCell.swift */ = {isa = PBXFileReference; lastKnownFileType = sourcecode.swift; path = TableViewCell.swift; sourceTree = "<group>"; };
		3D86B78D24AD8BB700056F9A /* DetailViewController.swift */ = {isa = PBXFileReference; lastKnownFileType = sourcecode.swift; path = DetailViewController.swift; sourceTree = "<group>"; };
		3DBA344724A78C0F00BF3ADD /* Chinee Dictionary.app */ = {isa = PBXFileReference; explicitFileType = wrapper.application; includeInIndex = 0; path = "Chinee Dictionary.app"; sourceTree = BUILT_PRODUCTS_DIR; };
		3DBA344A24A78C0F00BF3ADD /* AppDelegate.swift */ = {isa = PBXFileReference; lastKnownFileType = sourcecode.swift; path = AppDelegate.swift; sourceTree = "<group>"; };
		3DBA344C24A78C0F00BF3ADD /* SceneDelegate.swift */ = {isa = PBXFileReference; lastKnownFileType = sourcecode.swift; path = SceneDelegate.swift; sourceTree = "<group>"; };
		3DBA344E24A78C0F00BF3ADD /* ViewController.swift */ = {isa = PBXFileReference; lastKnownFileType = sourcecode.swift; path = ViewController.swift; sourceTree = "<group>"; };
		3DBA345124A78C0F00BF3ADD /* Base */ = {isa = PBXFileReference; lastKnownFileType = file.storyboard; name = Base; path = Base.lproj/Main.storyboard; sourceTree = "<group>"; };
		3DBA345324A78C1200BF3ADD /* Assets.xcassets */ = {isa = PBXFileReference; lastKnownFileType = folder.assetcatalog; path = Assets.xcassets; sourceTree = "<group>"; };
		3DBA345624A78C1200BF3ADD /* Base */ = {isa = PBXFileReference; lastKnownFileType = file.storyboard; name = Base; path = Base.lproj/LaunchScreen.storyboard; sourceTree = "<group>"; };
		3DBA345824A78C1200BF3ADD /* Info.plist */ = {isa = PBXFileReference; lastKnownFileType = text.plist.xml; path = Info.plist; sourceTree = "<group>"; };
/* End PBXFileReference section */

/* Begin PBXFrameworksBuildPhase section */
		3DBA344424A78C0F00BF3ADD /* Frameworks */ = {
			isa = PBXFrameworksBuildPhase;
			buildActionMask = 2147483647;
			files = (
			);
			runOnlyForDeploymentPostprocessing = 0;
		};
/* End PBXFrameworksBuildPhase section */

/* Begin PBXGroup section */
		3DBA343E24A78C0F00BF3ADD = {
			isa = PBXGroup;
			children = (
				3DBA344924A78C0F00BF3ADD /* Chinee Dictionary */,
				3DBA344824A78C0F00BF3ADD /* Products */,
			);
			sourceTree = "<group>";
		};
		3DBA344824A78C0F00BF3ADD /* Products */ = {
			isa = PBXGroup;
			children = (
				3DBA344724A78C0F00BF3ADD /* Chinee Dictionary.app */,
			);
			name = Products;
			sourceTree = "<group>";
		};
		3DBA344924A78C0F00BF3ADD /* Chinee Dictionary */ = {
			isa = PBXGroup;
			children = (
				3DBA344A24A78C0F00BF3ADD /* AppDelegate.swift */,
				3DBA344C24A78C0F00BF3ADD /* SceneDelegate.swift */,
				3DBA344E24A78C0F00BF3ADD /* ViewController.swift */,
				3D1510FD24AC37480062D699 /* Shadow.swift */,
				3DBA345024A78C0F00BF3ADD /* Main.storyboard */,
				3D86B78D24AD8BB700056F9A /* DetailViewController.swift */,
				3D1510FF24AC46510062D699 /* TableViewCell.swift */,
				3DBA345324A78C1200BF3ADD /* Assets.xcassets */,
				3DBA345524A78C1200BF3ADD /* LaunchScreen.storyboard */,
				3DBA345824A78C1200BF3ADD /* Info.plist */,
			);
			path = "Chinee Dictionary";
			sourceTree = "<group>";
		};
/* End PBXGroup section */

/* Begin PBXNativeTarget section */
		3DBA344624A78C0F00BF3ADD /* Chinee Dictionary */ = {
			isa = PBXNativeTarget;
			buildConfigurationList = 3DBA345B24A78C1200BF3ADD /* Build configuration list for PBXNativeTarget "Chinee Dictionary" */;
			buildPhases = (
				3DBA344324A78C0F00BF3ADD /* Sources */,
				3DBA344424A78C0F00BF3ADD /* Frameworks */,
				3DBA344524A78C0F00BF3ADD /* Resources */,
			);
			buildRules = (
			);
			dependencies = (
			);
			name = "Chinee Dictionary";
			productName = "Chinee Dictionary";
			productReference = 3DBA344724A78C0F00BF3ADD /* Chinee Dictionary.app */;
			productType = "com.apple.product-type.application";
		};
/* End PBXNativeTarget section */

/* Begin PBXProject section */
		3DBA343F24A78C0F00BF3ADD /* Project object */ = {
			isa = PBXProject;
			attributes = {
				LastSwiftUpdateCheck = 1150;
				LastUpgradeCheck = 1150;
				ORGANIZATIONNAME = "Rakk Kiryl";
				TargetAttributes = {
					3DBA344624A78C0F00BF3ADD = {
						CreatedOnToolsVersion = 11.5;
					};
				};
			};
			buildConfigurationList = 3DBA344224A78C0F00BF3ADD /* Build configuration list for PBXProject "Chinee Dictionary" */;
			compatibilityVersion = "Xcode 9.3";
			developmentRegion = en;
			hasScannedForEncodings = 0;
			knownRegions = (
				en,
				Base,
			);
			mainGroup = 3DBA343E24A78C0F00BF3ADD;
			productRefGroup = 3DBA344824A78C0F00BF3ADD /* Products */;
			projectDirPath = "";
			projectRoot = "";
			targets = (
				3DBA344624A78C0F00BF3ADD /* Chinee Dictionary */,
			);
		};
/* End PBXProject section */

/* Begin PBXResourcesBuildPhase section */
		3DBA344524A78C0F00BF3ADD /* Resources */ = {
			isa = PBXResourcesBuildPhase;
			buildActionMask = 2147483647;
			files = (
				3DBA345724A78C1200BF3ADD /* LaunchScreen.storyboard in Resources */,
				3DBA345424A78C1200BF3ADD /* Assets.xcassets in Resources */,
				3DBA345224A78C0F00BF3ADD /* Main.storyboard in Resources */,
			);
			runOnlyForDeploymentPostprocessing = 0;
		};
/* End PBXResourcesBuildPhase section */

/* Begin PBXSourcesBuildPhase section */
		3DBA344324A78C0F00BF3ADD /* Sources */ = {
			isa = PBXSourcesBuildPhase;
			buildActionMask = 2147483647;
			files = (
				3D15110024AC46510062D699 /* TableViewCell.swift in Sources */,
				3DBA344F24A78C0F00BF3ADD /* ViewController.swift in Sources */,
				3D1510FE24AC37480062D699 /* Shadow.swift in Sources */,
				3D86B78E24AD8BB700056F9A /* DetailViewController.swift in Sources */,
				3DBA344B24A78C0F00BF3ADD /* AppDelegate.swift in Sources */,
				3DBA344D24A78C0F00BF3ADD /* SceneDelegate.swift in Sources */,
			);
			runOnlyForDeploymentPostprocessing = 0;
		};
/* End PBXSourcesBuildPhase section */

/* Begin PBXVariantGroup section */
		3DBA345024A78C0F00BF3ADD /* Main.storyboard */ = {
			isa = PBXVariantGroup;
			children = (
				3DBA345124A78C0F00BF3ADD /* Base */,
			);
			name = Main.storyboard;
			sourceTree = "<group>";
		};
		3DBA345524A78C1200BF3ADD /* LaunchScreen.storyboard */ = {
			isa = PBXVariantGroup;
			children = (
				3DBA345624A78C1200BF3ADD /* Base */,
			);
			name = LaunchScreen.storyboard;
			sourceTree = "<group>";
		};
/* End PBXVariantGroup section */

/* Begin XCBuildConfiguration section */
		3DBA345924A78C1200BF3ADD /* Debug */ = {
			isa = XCBuildConfiguration;
			buildSettings = {
				ALWAYS_SEARCH_USER_PATHS = NO;
				CLANG_ANALYZER_NONNULL = YES;
				CLANG_ANALYZER_NUMBER_OBJECT_CONVERSION = YES_AGGRESSIVE;
				CLANG_CXX_LANGUAGE_STANDARD = "gnu++14";
				CLANG_CXX_LIBRARY = "libc++";
				CLANG_ENABLE_MODULES = YES;
				CLANG_ENABLE_OBJC_ARC = YES;
				CLANG_ENABLE_OBJC_WEAK = YES;
				CLANG_WARN_BLOCK_CAPTURE_AUTORELEASING = YES;
				CLANG_WARN_BOOL_CONVERSION = YES;
				CLANG_WARN_COMMA = YES;
				CLANG_WARN_CONSTANT_CONVERSION = YES;
				CLANG_WARN_DEPRECATED_OBJC_IMPLEMENTATIONS = YES;
				CLANG_WARN_DIRECT_OBJC_ISA_USAGE = YES_ERROR;
				CLANG_WARN_DOCUMENTATION_COMMENTS = YES;
				CLANG_WARN_EMPTY_BODY = YES;
				CLANG_WARN_ENUM_CONVERSION = YES;
				CLANG_WARN_INFINITE_RECURSION = YES;
				CLANG_WARN_INT_CONVERSION = YES;
				CLANG_WARN_NON_LITERAL_NULL_CONVERSION = YES;
				CLANG_WARN_OBJC_IMPLICIT_RETAIN_SELF = YES;
				CLANG_WARN_OBJC_LITERAL_CONVERSION = YES;
				CLANG_WARN_OBJC_ROOT_CLASS = YES_ERROR;
				CLANG_WARN_RANGE_LOOP_ANALYSIS = YES;
				CLANG_WARN_STRICT_PROTOTYPES = YES;
				CLANG_WARN_SUSPICIOUS_MOVE = YES;
				CLANG_WARN_UNGUARDED_AVAILABILITY = YES_AGGRESSIVE;
				CLANG_WARN_UNREACHABLE_CODE = YES;
				CLANG_WARN__DUPLICATE_METHOD_MATCH = YES;
				COPY_PHASE_STRIP = NO;
				DEBUG_INFORMATION_FORMAT = dwarf;
				ENABLE_STRICT_OBJC_MSGSEND = YES;
				ENABLE_TESTABILITY = YES;
				GCC_C_LANGUAGE_STANDARD = gnu11;
				GCC_DYNAMIC_NO_PIC = NO;
				GCC_NO_COMMON_BLOCKS = YES;
				GCC_OPTIMIZATION_LEVEL = 0;
				GCC_PREPROCESSOR_DEFINITIONS = (
					"DEBUG=1",
					"$(inherited)",
				);
				GCC_WARN_64_TO_32_BIT_CONVERSION = YES;
				GCC_WARN_ABOUT_RETURN_TYPE = YES_ERROR;
				GCC_WARN_UNDECLARED_SELECTOR = YES;
				GCC_WARN_UNINITIALIZED_AUTOS = YES_AGGRESSIVE;
				GCC_WARN_UNUSED_FUNCTION = YES;
				GCC_WARN_UNUSED_VARIABLE = YES;
				IPHONEOS_DEPLOYMENT_TARGET = 13.5;
				MTL_ENABLE_DEBUG_INFO = INCLUDE_SOURCE;
				MTL_FAST_MATH = YES;
				ONLY_ACTIVE_ARCH = YES;
				SDKROOT = iphoneos;
				SWIFT_ACTIVE_COMPILATION_CONDITIONS = DEBUG;
				SWIFT_OPTIMIZATION_LEVEL = "-Onone";
			};
			name = Debug;
		};
		3DBA345A24A78C1200BF3ADD /* Release */ = {
			isa = XCBuildConfiguration;
			buildSettings = {
				ALWAYS_SEARCH_USER_PATHS = NO;
				CLANG_ANALYZER_NONNULL = YES;
				CLANG_ANALYZER_NUMBER_OBJECT_CONVERSION = YES_AGGRESSIVE;
				CLANG_CXX_LANGUAGE_STANDARD = "gnu++14";
				CLANG_CXX_LIBRARY = "libc++";
				CLANG_ENABLE_MODULES = YES;
				CLANG_ENABLE_OBJC_ARC = YES;
				CLANG_ENABLE_OBJC_WEAK = YES;
				CLANG_WARN_BLOCK_CAPTURE_AUTORELEASING = YES;
				CLANG_WARN_BOOL_CONVERSION = YES;
				CLANG_WARN_COMMA = YES;
				CLANG_WARN_CONSTANT_CONVERSION = YES;
				CLANG_WARN_DEPRECATED_OBJC_IMPLEMENTATIONS = YES;
				CLANG_WARN_DIRECT_OBJC_ISA_USAGE = YES_ERROR;
				CLANG_WARN_DOCUMENTATION_COMMENTS = YES;
				CLANG_WARN_EMPTY_BODY = YES;
				CLANG_WARN_ENUM_CONVERSION = YES;
				CLANG_WARN_INFINITE_RECURSION = YES;
				CLANG_WARN_INT_CONVERSION = YES;
				CLANG_WARN_NON_LITERAL_NULL_CONVERSION = YES;
				CLANG_WARN_OBJC_IMPLICIT_RETAIN_SELF = YES;
				CLANG_WARN_OBJC_LITERAL_CONVERSION = YES;
				CLANG_WARN_OBJC_ROOT_CLASS = YES_ERROR;
				CLANG_WARN_RANGE_LOOP_ANALYSIS = YES;
				CLANG_WARN_STRICT_PROTOTYPES = YES;
				CLANG_WARN_SUSPICIOUS_MOVE = YES;
				CLANG_WARN_UNGUARDED_AVAILABILITY = YES_AGGRESSIVE;
				CLANG_WARN_UNREACHABLE_CODE = YES;
				CLANG_WARN__DUPLICATE_METHOD_MATCH = YES;
				COPY_PHASE_STRIP = NO;
				DEBUG_INFORMATION_FORMAT = "dwarf-with-dsym";
				ENABLE_NS_ASSERTIONS = NO;
				ENABLE_STRICT_OBJC_MSGSEND = YES;
				GCC_C_LANGUAGE_STANDARD = gnu11;
				GCC_NO_COMMON_BLOCKS = YES;
				GCC_WARN_64_TO_32_BIT_CONVERSION = YES;
				GCC_WARN_ABOUT_RETURN_TYPE = YES_ERROR;
				GCC_WARN_UNDECLARED_SELECTOR = YES;
				GCC_WARN_UNINITIALIZED_AUTOS = YES_AGGRESSIVE;
				GCC_WARN_UNUSED_FUNCTION = YES;
				GCC_WARN_UNUSED_VARIABLE = YES;
				IPHONEOS_DEPLOYMENT_TARGET = 13.5;
				MTL_ENABLE_DEBUG_INFO = NO;
				MTL_FAST_MATH = YES;
				SDKROOT = iphoneos;
				SWIFT_COMPILATION_MODE = wholemodule;
				SWIFT_OPTIMIZATION_LEVEL = "-O";
				VALIDATE_PRODUCT = YES;
			};
			name = Release;
		};
		3DBA345C24A78C1200BF3ADD /* Debug */ = {
			isa = XCBuildConfiguration;
			buildSettings = {
				ASSETCATALOG_COMPILER_APPICON_NAME = AppIcon;
				CODE_SIGN_STYLE = Automatic;
				DEVELOPMENT_TEAM = YY78XVR2DH;
				INFOPLIST_FILE = "Chinee Dictionary/Info.plist";
				LD_RUNPATH_SEARCH_PATHS = (
					"$(inherited)",
					"@executable_path/Frameworks",
				);
				PRODUCT_BUNDLE_IDENTIFIER = "com.chinee.Chinee-Dictionary";
				PRODUCT_NAME = "$(TARGET_NAME)";
				SWIFT_VERSION = 5.0;
				TARGETED_DEVICE_FAMILY = 1;
			};
			name = Debug;
		};
		3DBA345D24A78C1200BF3ADD /* Release */ = {
			isa = XCBuildConfiguration;
			buildSettings = {
				ASSETCATALOG_COMPILER_APPICON_NAME = AppIcon;
				CODE_SIGN_STYLE = Automatic;
				DEVELOPMENT_TEAM = YY78XVR2DH;
				INFOPLIST_FILE = "Chinee Dictionary/Info.plist";
				LD_RUNPATH_SEARCH_PATHS = (
					"$(inherited)",
					"@executable_path/Frameworks",
				);
				PRODUCT_BUNDLE_IDENTIFIER = "com.chinee.Chinee-Dictionary";
				PRODUCT_NAME = "$(TARGET_NAME)";
				SWIFT_VERSION = 5.0;
				TARGETED_DEVICE_FAMILY = 1;
			};
			name = Release;
		};
/* End XCBuildConfiguration section */

/* Begin XCConfigurationList section */
		3DBA344224A78C0F00BF3ADD /* Build configuration list for PBXProject "Chinee Dictionary" */ = {
			isa = XCConfigurationList;
			buildConfigurations = (
				3DBA345924A78C1200BF3ADD /* Debug */,
				3DBA345A24A78C1200BF3ADD /* Release */,
			);
			defaultConfigurationIsVisible = 0;
			defaultConfigurationName = Release;
		};
		3DBA345B24A78C1200BF3ADD /* Build configuration list for PBXNativeTarget "Chinee Dictionary" */ = {
			isa = XCConfigurationList;
			buildConfigurations = (
				3DBA345C24A78C1200BF3ADD /* Debug */,
				3DBA345D24A78C1200BF3ADD /* Release */,
			);
			defaultConfigurationIsVisible = 0;
			defaultConfigurationName = Release;
		};
/* End XCConfigurationList section */
	};
	rootObject = 3DBA343F24A78C0F00BF3ADD /* Project object */;
}
